
Microsoft Visual Studio Solution File, Format Version 12.00
Project("{FAE04EC0-301F-11D3-BF4B-00C04F79EFBC}") = "SourceTreeBookmarker", "SourceTreeBookmarker.csproj", "{425CBCBA-2F9F-4E26-9A81-FD15E0FA8298}"
EndProject
Global
	GlobalSection(SolutionConfigurationPlatforms) = preSolution
		Debug|Any CPU = Debug|Any CPU
		Release|Any CPU = Release|Any CPU
	EndGlobalSection
	GlobalSection(ProjectConfigurationPlatforms) = postSolution
		{425CBCBA-2F9F-4E26-9A81-FD15E0FA8298}.Debug|Any CPU.ActiveCfg = Debug|Any CPU
		{425CBCBA-2F9F-4E26-9A81-FD15E0FA8298}.Debug|Any CPU.Build.0 = Debug|Any CPU
		{425CBCBA-2F9F-4E26-9A81-FD15E0FA8298}.Release|Any CPU.ActiveCfg = Release|Any CPU
		{425CBCBA-2F9F-4E26-9A81-FD15E0FA8298}.Release|Any CPU.Build.0 = Release|Any CPU
	EndGlobalSection
EndGlobal
